// !$*UTF8*$!
{
	archiveVersion = 1;
	classes = {
	};
	objectVersion = 56;
	objects = {

/* Begin PBXBuildFile section */
		3E16F23429E249B100B2E5E5 /* FirebaseFirestoreSwift in Frameworks */ = {isa = PBXBuildFile; productRef = 3E16F23329E249B100B2E5E5 /* FirebaseFirestoreSwift */; };
		3E26E00329DBB490007F5A7C /* MainView.swift in Sources */ = {isa = PBXBuildFile; fileRef = 3E26DFFE29DBB490007F5A7C /* MainView.swift */; };
		3E26E00429DBB490007F5A7C /* Add_UserView.swift in Sources */ = {isa = PBXBuildFile; fileRef = 3E26DFFF29DBB490007F5A7C /* Add_UserView.swift */; };
		3E26E00529DBB490007F5A7C /* Chart_View.swift in Sources */ = {isa = PBXBuildFile; fileRef = 3E26E00029DBB490007F5A7C /* Chart_View.swift */; };
		3E26E00629DBB490007F5A7C /* HomeView.swift in Sources */ = {isa = PBXBuildFile; fileRef = 3E26E00129DBB490007F5A7C /* HomeView.swift */; };
		3E26E00729DBB490007F5A7C /* Admin_Profile_View.swift in Sources */ = {isa = PBXBuildFile; fileRef = 3E26E00229DBB490007F5A7C /* Admin_Profile_View.swift */; };
		3E26E02029DBD296007F5A7C /* GoogleService-Info.plist in Resources */ = {isa = PBXBuildFile; fileRef = 3E26E01F29DBD296007F5A7C /* GoogleService-Info.plist */; };
		3E26E02329DBD4AF007F5A7C /* FirebaseAnalyticsWithoutAdIdSupport in Frameworks */ = {isa = PBXBuildFile; productRef = 3E26E02229DBD4AF007F5A7C /* FirebaseAnalyticsWithoutAdIdSupport */; };
		3E26E02529DBD4AF007F5A7C /* FirebaseAuth in Frameworks */ = {isa = PBXBuildFile; productRef = 3E26E02429DBD4AF007F5A7C /* FirebaseAuth */; };
		3E26E02729DBD4AF007F5A7C /* FirebaseFirestore in Frameworks */ = {isa = PBXBuildFile; productRef = 3E26E02629DBD4AF007F5A7C /* FirebaseFirestore */; };
		3E26E02929DBD4AF007F5A7C /* FirebaseStorage in Frameworks */ = {isa = PBXBuildFile; productRef = 3E26E02829DBD4AF007F5A7C /* FirebaseStorage */; };
		3E26E02C29DBD750007F5A7C /* GoogleSignIn in Frameworks */ = {isa = PBXBuildFile; productRef = 3E26E02B29DBD750007F5A7C /* GoogleSignIn */; };
		3E26E02E29DBD750007F5A7C /* GoogleSignInSwift in Frameworks */ = {isa = PBXBuildFile; productRef = 3E26E02D29DBD750007F5A7C /* GoogleSignInSwift */; };
		3E26E03129DBD769007F5A7C /* SDWebImageSwiftUI in Frameworks */ = {isa = PBXBuildFile; productRef = 3E26E03029DBD769007F5A7C /* SDWebImageSwiftUI */; };
		3E26E03429DBD790007F5A7C /* SwiftfulRouting in Frameworks */ = {isa = PBXBuildFile; productRef = 3E26E03329DBD790007F5A7C /* SwiftfulRouting */; };
		3E539D9329E6465A000FA796 /* AdminModel.swift in Sources */ = {isa = PBXBuildFile; fileRef = 3E539D9229E6465A000FA796 /* AdminModel.swift */; };
		3E8746DD29DAE7AE00217791 /* AtendeeApp.swift in Sources */ = {isa = PBXBuildFile; fileRef = 3E8746DC29DAE7AE00217791 /* AtendeeApp.swift */; };
		3E8746DF29DAE7AE00217791 /* ContentView.swift in Sources */ = {isa = PBXBuildFile; fileRef = 3E8746DE29DAE7AE00217791 /* ContentView.swift */; };
		3E8746E129DAE7AF00217791 /* Assets.xcassets in Resources */ = {isa = PBXBuildFile; fileRef = 3E8746E029DAE7AF00217791 /* Assets.xcassets */; };
		3E8746E429DAE7AF00217791 /* Preview Assets.xcassets in Resources */ = {isa = PBXBuildFile; fileRef = 3E8746E329DAE7AF00217791 /* Preview Assets.xcassets */; };
		3E8746F529DAE8D500217791 /* Authentication_AU.swift in Sources */ = {isa = PBXBuildFile; fileRef = 3E8746F429DAE8D500217791 /* Authentication_AU.swift */; };
		3E8746F929DAE90400217791 /* Data_Model.swift in Sources */ = {isa = PBXBuildFile; fileRef = 3E8746F829DAE90400217791 /* Data_Model.swift */; };
		3E8746FB29DAE93700217791 /* UserModel.swift in Sources */ = {isa = PBXBuildFile; fileRef = 3E8746FA29DAE93700217791 /* UserModel.swift */; };
		3E8746FD29DAE96000217791 /* AppDelegate.swift in Sources */ = {isa = PBXBuildFile; fileRef = 3E8746FC29DAE96000217791 /* AppDelegate.swift */; };
		3E8746FF29DAE97D00217791 /* SceneDelegate.swift in Sources */ = {isa = PBXBuildFile; fileRef = 3E8746FE29DAE97D00217791 /* SceneDelegate.swift */; };
		3E87470129DAEBEE00217791 /* ImagePicker.swift in Sources */ = {isa = PBXBuildFile; fileRef = 3E87470029DAEBEE00217791 /* ImagePicker.swift */; };
		3E87470329DAEC7E00217791 /* FirebaseConstants.swift in Sources */ = {isa = PBXBuildFile; fileRef = 3E87470229DAEC7E00217791 /* FirebaseConstants.swift */; };
		3E87470529DAEC8900217791 /* FirebaseManager.swift in Sources */ = {isa = PBXBuildFile; fileRef = 3E87470429DAEC8900217791 /* FirebaseManager.swift */; };
		3E87470729DAEE4300217791 /* ReUsable_Button.swift in Sources */ = {isa = PBXBuildFile; fileRef = 3E87470629DAEE4300217791 /* ReUsable_Button.swift */; };
		3E87470929DAEE5300217791 /* ReUsable_TextFeild.swift in Sources */ = {isa = PBXBuildFile; fileRef = 3E87470829DAEE5300217791 /* ReUsable_TextFeild.swift */; };
		3E87470B29DAEE6000217791 /* ReUsable_Logo.swift in Sources */ = {isa = PBXBuildFile; fileRef = 3E87470A29DAEE6000217791 /* ReUsable_Logo.swift */; };
		3E87470D29DAEE6600217791 /* ReUsable_BackButton.swift in Sources */ = {isa = PBXBuildFile; fileRef = 3E87470C29DAEE6600217791 /* ReUsable_BackButton.swift */; };
		3E87470F29DAEE6C00217791 /* Sign_inWith_Button.swift in Sources */ = {isa = PBXBuildFile; fileRef = 3E87470E29DAEE6C00217791 /* Sign_inWith_Button.swift */; };
		3E87471129DAF08E00217791 /* FileManager.swift in Sources */ = {isa = PBXBuildFile; fileRef = 3E87471029DAF08E00217791 /* FileManager.swift */; };
		3E87471A29DAF87E00217791 /* Admin_SignUpView.swift in Sources */ = {isa = PBXBuildFile; fileRef = 3E87471429DAF87D00217791 /* Admin_SignUpView.swift */; };
		3E87471B29DAF87E00217791 /* UserLogin_View.swift in Sources */ = {isa = PBXBuildFile; fileRef = 3E87471529DAF87E00217791 /* UserLogin_View.swift */; };
		3E87471D29DAF87E00217791 /* OnBoardingView.swift in Sources */ = {isa = PBXBuildFile; fileRef = 3E87471729DAF87E00217791 /* OnBoardingView.swift */; };
		3E87471E29DAF87E00217791 /* UserAdmn_loginOptionsView.swift in Sources */ = {isa = PBXBuildFile; fileRef = 3E87471829DAF87E00217791 /* UserAdmn_loginOptionsView.swift */; };
		3E87471F29DAF87E00217791 /* Admin_LoginView.swift in Sources */ = {isa = PBXBuildFile; fileRef = 3E87471929DAF87E00217791 /* Admin_LoginView.swift */; };
		3EA662FC29E3B1AD0052BED9 /* ReUseable_ValueFeild.swift in Sources */ = {isa = PBXBuildFile; fileRef = 3EA662FB29E3B1AD0052BED9 /* ReUseable_ValueFeild.swift */; };
		3EA662FF29E508A00052BED9 /* iPhoneNumberField in Frameworks */ = {isa = PBXBuildFile; productRef = 3EA662FE29E508A00052BED9 /* iPhoneNumberField */; };
		3EA6630129E50AC80052BED9 /* ReUsable_iPhoneNumberFeild.swift in Sources */ = {isa = PBXBuildFile; fileRef = 3EA6630029E50AC80052BED9 /* ReUsable_iPhoneNumberFeild.swift */; };
/* End PBXBuildFile section */

/* Begin PBXFileReference section */
		3E26DFFE29DBB490007F5A7C /* MainView.swift */ = {isa = PBXFileReference; fileEncoding = 4; lastKnownFileType = sourcecode.swift; path = MainView.swift; sourceTree = "<group>"; };
		3E26DFFF29DBB490007F5A7C /* Add_UserView.swift */ = {isa = PBXFileReference; fileEncoding = 4; lastKnownFileType = sourcecode.swift; path = Add_UserView.swift; sourceTree = "<group>"; };
		3E26E00029DBB490007F5A7C /* Chart_View.swift */ = {isa = PBXFileReference; fileEncoding = 4; lastKnownFileType = sourcecode.swift; path = Chart_View.swift; sourceTree = "<group>"; };
		3E26E00129DBB490007F5A7C /* HomeView.swift */ = {isa = PBXFileReference; fileEncoding = 4; lastKnownFileType = sourcecode.swift; path = HomeView.swift; sourceTree = "<group>"; };
		3E26E00229DBB490007F5A7C /* Admin_Profile_View.swift */ = {isa = PBXFileReference; fileEncoding = 4; lastKnownFileType = sourcecode.swift; path = Admin_Profile_View.swift; sourceTree = "<group>"; };
		3E26E00A29DBB939007F5A7C /* Info.plist */ = {isa = PBXFileReference; lastKnownFileType = text.plist; path = Info.plist; sourceTree = "<group>"; };
		3E26E01F29DBD296007F5A7C /* GoogleService-Info.plist */ = {isa = PBXFileReference; fileEncoding = 4; lastKnownFileType = text.plist.xml; path = "GoogleService-Info.plist"; sourceTree = "<group>"; };
		3E539D9229E6465A000FA796 /* AdminModel.swift */ = {isa = PBXFileReference; lastKnownFileType = sourcecode.swift; path = AdminModel.swift; sourceTree = "<group>"; };
		3E8746D929DAE7AE00217791 /* Atendee.app */ = {isa = PBXFileReference; explicitFileType = wrapper.application; includeInIndex = 0; path = Atendee.app; sourceTree = BUILT_PRODUCTS_DIR; };
		3E8746DC29DAE7AE00217791 /* AtendeeApp.swift */ = {isa = PBXFileReference; lastKnownFileType = sourcecode.swift; path = AtendeeApp.swift; sourceTree = "<group>"; };
		3E8746DE29DAE7AE00217791 /* ContentView.swift */ = {isa = PBXFileReference; lastKnownFileType = sourcecode.swift; path = ContentView.swift; sourceTree = "<group>"; };
		3E8746E029DAE7AF00217791 /* Assets.xcassets */ = {isa = PBXFileReference; lastKnownFileType = folder.assetcatalog; path = Assets.xcassets; sourceTree = "<group>"; };
		3E8746E329DAE7AF00217791 /* Preview Assets.xcassets */ = {isa = PBXFileReference; lastKnownFileType = folder.assetcatalog; path = "Preview Assets.xcassets"; sourceTree = "<group>"; };
		3E8746F429DAE8D500217791 /* Authentication_AU.swift */ = {isa = PBXFileReference; lastKnownFileType = sourcecode.swift; path = Authentication_AU.swift; sourceTree = "<group>"; };
		3E8746F829DAE90400217791 /* Data_Model.swift */ = {isa = PBXFileReference; lastKnownFileType = sourcecode.swift; path = Data_Model.swift; sourceTree = "<group>"; };
		3E8746FA29DAE93700217791 /* UserModel.swift */ = {isa = PBXFileReference; lastKnownFileType = sourcecode.swift; path = UserModel.swift; sourceTree = "<group>"; };
		3E8746FC29DAE96000217791 /* AppDelegate.swift */ = {isa = PBXFileReference; lastKnownFileType = sourcecode.swift; path = AppDelegate.swift; sourceTree = "<group>"; };
		3E8746FE29DAE97D00217791 /* SceneDelegate.swift */ = {isa = PBXFileReference; lastKnownFileType = sourcecode.swift; path = SceneDelegate.swift; sourceTree = "<group>"; };
		3E87470029DAEBEE00217791 /* ImagePicker.swift */ = {isa = PBXFileReference; lastKnownFileType = sourcecode.swift; path = ImagePicker.swift; sourceTree = "<group>"; };
		3E87470229DAEC7E00217791 /* FirebaseConstants.swift */ = {isa = PBXFileReference; lastKnownFileType = sourcecode.swift; path = FirebaseConstants.swift; sourceTree = "<group>"; };
		3E87470429DAEC8900217791 /* FirebaseManager.swift */ = {isa = PBXFileReference; lastKnownFileType = sourcecode.swift; path = FirebaseManager.swift; sourceTree = "<group>"; };
		3E87470629DAEE4300217791 /* ReUsable_Button.swift */ = {isa = PBXFileReference; lastKnownFileType = sourcecode.swift; path = ReUsable_Button.swift; sourceTree = "<group>"; };
		3E87470829DAEE5300217791 /* ReUsable_TextFeild.swift */ = {isa = PBXFileReference; lastKnownFileType = sourcecode.swift; path = ReUsable_TextFeild.swift; sourceTree = "<group>"; };
		3E87470A29DAEE6000217791 /* ReUsable_Logo.swift */ = {isa = PBXFileReference; lastKnownFileType = sourcecode.swift; path = ReUsable_Logo.swift; sourceTree = "<group>"; };
		3E87470C29DAEE6600217791 /* ReUsable_BackButton.swift */ = {isa = PBXFileReference; lastKnownFileType = sourcecode.swift; path = ReUsable_BackButton.swift; sourceTree = "<group>"; };
		3E87470E29DAEE6C00217791 /* Sign_inWith_Button.swift */ = {isa = PBXFileReference; lastKnownFileType = sourcecode.swift; path = Sign_inWith_Button.swift; sourceTree = "<group>"; };
		3E87471029DAF08E00217791 /* FileManager.swift */ = {isa = PBXFileReference; lastKnownFileType = sourcecode.swift; path = FileManager.swift; sourceTree = "<group>"; };
		3E87471429DAF87D00217791 /* Admin_SignUpView.swift */ = {isa = PBXFileReference; fileEncoding = 4; lastKnownFileType = sourcecode.swift; path = Admin_SignUpView.swift; sourceTree = "<group>"; };
		3E87471529DAF87E00217791 /* UserLogin_View.swift */ = {isa = PBXFileReference; fileEncoding = 4; lastKnownFileType = sourcecode.swift; path = UserLogin_View.swift; sourceTree = "<group>"; };
		3E87471729DAF87E00217791 /* OnBoardingView.swift */ = {isa = PBXFileReference; fileEncoding = 4; lastKnownFileType = sourcecode.swift; path = OnBoardingView.swift; sourceTree = "<group>"; };
		3E87471829DAF87E00217791 /* UserAdmn_loginOptionsView.swift */ = {isa = PBXFileReference; fileEncoding = 4; lastKnownFileType = sourcecode.swift; path = UserAdmn_loginOptionsView.swift; sourceTree = "<group>"; };
		3E87471929DAF87E00217791 /* Admin_LoginView.swift */ = {isa = PBXFileReference; fileEncoding = 4; lastKnownFileType = sourcecode.swift; path = Admin_LoginView.swift; sourceTree = "<group>"; };
		3EA662FB29E3B1AD0052BED9 /* ReUseable_ValueFeild.swift */ = {isa = PBXFileReference; lastKnownFileType = sourcecode.swift; path = ReUseable_ValueFeild.swift; sourceTree = "<group>"; };
		3EA6630029E50AC80052BED9 /* ReUsable_iPhoneNumberFeild.swift */ = {isa = PBXFileReference; lastKnownFileType = sourcecode.swift; path = ReUsable_iPhoneNumberFeild.swift; sourceTree = "<group>"; };
/* End PBXFileReference section */

/* Begin PBXFrameworksBuildPhase section */
		3E8746D629DAE7AE00217791 /* Frameworks */ = {
			isa = PBXFrameworksBuildPhase;
			buildActionMask = 2147483647;
			files = (
				3E26E03129DBD769007F5A7C /* SDWebImageSwiftUI in Frameworks */,
				3E26E02C29DBD750007F5A7C /* GoogleSignIn in Frameworks */,
				3E26E02329DBD4AF007F5A7C /* FirebaseAnalyticsWithoutAdIdSupport in Frameworks */,
				3EA662FF29E508A00052BED9 /* iPhoneNumberField in Frameworks */,
				3E26E03429DBD790007F5A7C /* SwiftfulRouting in Frameworks */,
				3E26E02929DBD4AF007F5A7C /* FirebaseStorage in Frameworks */,
				3E26E02E29DBD750007F5A7C /* GoogleSignInSwift in Frameworks */,
				3E26E02529DBD4AF007F5A7C /* FirebaseAuth in Frameworks */,
				3E26E02729DBD4AF007F5A7C /* FirebaseFirestore in Frameworks */,
				3E16F23429E249B100B2E5E5 /* FirebaseFirestoreSwift in Frameworks */,
			);
			runOnlyForDeploymentPostprocessing = 0;
		};
/* End PBXFrameworksBuildPhase section */

/* Begin PBXGroup section */
		3E16F23229E249B100B2E5E5 /* Frameworks */ = {
			isa = PBXGroup;
			children = (
			);
			name = Frameworks;
			sourceTree = "<group>";
		};
		3E8746D029DAE7AE00217791 = {
			isa = PBXGroup;
			children = (
				3E8746DB29DAE7AE00217791 /* Atendee */,
				3E8746DA29DAE7AE00217791 /* Products */,
				3E16F23229E249B100B2E5E5 /* Frameworks */,
			);
			sourceTree = "<group>";
		};
		3E8746DA29DAE7AE00217791 /* Products */ = {
			isa = PBXGroup;
			children = (
				3E8746D929DAE7AE00217791 /* Atendee.app */,
			);
			name = Products;
			sourceTree = "<group>";
		};
		3E8746DB29DAE7AE00217791 /* Atendee */ = {
			isa = PBXGroup;
			children = (
				3E26E01F29DBD296007F5A7C /* GoogleService-Info.plist */,
				3E26E00A29DBB939007F5A7C /* Info.plist */,
				3E8746EC29DAE80800217791 /* Apps */,
				3E8746ED29DAE80E00217791 /* Utilites */,
				3E8746EB29DAE7FA00217791 /* ReUsable Components */,
				3E8746F029DAE81900217791 /* Models */,
				3E8746EF29DAE81600217791 /* ViewModels */,
				3E8746EE29DAE81100217791 /* Views */,
				3E8746EA29DAE7E400217791 /* New Group */,
				3E8746DC29DAE7AE00217791 /* AtendeeApp.swift */,
				3E8746E029DAE7AF00217791 /* Assets.xcassets */,
				3E8746E229DAE7AF00217791 /* Preview Content */,
			);
			path = Atendee;
			sourceTree = "<group>";
		};
		3E8746E229DAE7AF00217791 /* Preview Content */ = {
			isa = PBXGroup;
			children = (
				3E8746E329DAE7AF00217791 /* Preview Assets.xcassets */,
			);
			path = "Preview Content";
			sourceTree = "<group>";
		};
		3E8746EA29DAE7E400217791 /* New Group */ = {
			isa = PBXGroup;
			children = (
			);
			path = "New Group";
			sourceTree = "<group>";
		};
		3E8746EB29DAE7FA00217791 /* ReUsable Components */ = {
			isa = PBXGroup;
			children = (
				3E87470629DAEE4300217791 /* ReUsable_Button.swift */,
				3E87470829DAEE5300217791 /* ReUsable_TextFeild.swift */,
				3E87470A29DAEE6000217791 /* ReUsable_Logo.swift */,
				3E87470C29DAEE6600217791 /* ReUsable_BackButton.swift */,
				3E87470E29DAEE6C00217791 /* Sign_inWith_Button.swift */,
				3EA662FB29E3B1AD0052BED9 /* ReUseable_ValueFeild.swift */,
				3EA6630029E50AC80052BED9 /* ReUsable_iPhoneNumberFeild.swift */,
			);
			path = "ReUsable Components";
			sourceTree = "<group>";
		};
		3E8746EC29DAE80800217791 /* Apps */ = {
			isa = PBXGroup;
			children = (
				3E8746FC29DAE96000217791 /* AppDelegate.swift */,
				3E8746FE29DAE97D00217791 /* SceneDelegate.swift */,
			);
			path = Apps;
			sourceTree = "<group>";
		};
		3E8746ED29DAE80E00217791 /* Utilites */ = {
			isa = PBXGroup;
			children = (
				3E87470029DAEBEE00217791 /* ImagePicker.swift */,
				3E87470229DAEC7E00217791 /* FirebaseConstants.swift */,
				3E87470429DAEC8900217791 /* FirebaseManager.swift */,
				3E87471029DAF08E00217791 /* FileManager.swift */,
			);
			path = Utilites;
			sourceTree = "<group>";
		};
		3E8746EE29DAE81100217791 /* Views */ = {
			isa = PBXGroup;
			children = (
				3E87471229DAF7E400217791 /* Authentication Screens */,
				3E87471329DAF7F500217791 /* ShowData screens */,
			);
			path = Views;
			sourceTree = "<group>";
		};
		3E8746EF29DAE81600217791 /* ViewModels */ = {
			isa = PBXGroup;
			children = (
				3E8746F329DAE89500217791 /* AdminUser ViewModels */,
				3E8746F129DAE88D00217791 /* Data Models */,
			);
			path = ViewModels;
			sourceTree = "<group>";
		};
		3E8746F029DAE81900217791 /* Models */ = {
			isa = PBXGroup;
			children = (
				3E8746FA29DAE93700217791 /* UserModel.swift */,
				3E539D9229E6465A000FA796 /* AdminModel.swift */,
			);
			path = Models;
			sourceTree = "<group>";
		};
		3E8746F129DAE88D00217791 /* Data Models */ = {
			isa = PBXGroup;
			children = (
				3E8746F829DAE90400217791 /* Data_Model.swift */,
			);
			path = "Data Models";
			sourceTree = "<group>";
		};
		3E8746F329DAE89500217791 /* AdminUser ViewModels */ = {
			isa = PBXGroup;
			children = (
				3E8746F429DAE8D500217791 /* Authentication_AU.swift */,
			);
			path = "AdminUser ViewModels";
			sourceTree = "<group>";
		};
		3E87471229DAF7E400217791 /* Authentication Screens */ = {
			isa = PBXGroup;
			children = (
				3E8746DE29DAE7AE00217791 /* ContentView.swift */,
				3E87471729DAF87E00217791 /* OnBoardingView.swift */,
				3E87471829DAF87E00217791 /* UserAdmn_loginOptionsView.swift */,
				3E87471929DAF87E00217791 /* Admin_LoginView.swift */,
				3E87471429DAF87D00217791 /* Admin_SignUpView.swift */,
				3E87471529DAF87E00217791 /* UserLogin_View.swift */,
			);
			path = "Authentication Screens";
			sourceTree = "<group>";
		};
		3E87471329DAF7F500217791 /* ShowData screens */ = {
			isa = PBXGroup;
			children = (
				3E26DFFE29DBB490007F5A7C /* MainView.swift */,
				3E26E00129DBB490007F5A7C /* HomeView.swift */,
				3E26DFFF29DBB490007F5A7C /* Add_UserView.swift */,
				3E26E00229DBB490007F5A7C /* Admin_Profile_View.swift */,
				3E26E00029DBB490007F5A7C /* Chart_View.swift */,
			);
			path = "ShowData screens";
			sourceTree = "<group>";
		};
/* End PBXGroup section */

/* Begin PBXNativeTarget section */
		3E8746D829DAE7AE00217791 /* Atendee */ = {
			isa = PBXNativeTarget;
			buildConfigurationList = 3E8746E729DAE7AF00217791 /* Build configuration list for PBXNativeTarget "Atendee" */;
			buildPhases = (
				3E8746D529DAE7AE00217791 /* Sources */,
				3E8746D629DAE7AE00217791 /* Frameworks */,
				3E8746D729DAE7AE00217791 /* Resources */,
			);
			buildRules = (
			);
			dependencies = (
			);
			name = Atendee;
			packageProductDependencies = (
				3E26E02229DBD4AF007F5A7C /* FirebaseAnalyticsWithoutAdIdSupport */,
				3E26E02429DBD4AF007F5A7C /* FirebaseAuth */,
				3E26E02629DBD4AF007F5A7C /* FirebaseFirestore */,
				3E26E02829DBD4AF007F5A7C /* FirebaseStorage */,
				3E26E02B29DBD750007F5A7C /* GoogleSignIn */,
				3E26E02D29DBD750007F5A7C /* GoogleSignInSwift */,
				3E26E03029DBD769007F5A7C /* SDWebImageSwiftUI */,
				3E26E03329DBD790007F5A7C /* SwiftfulRouting */,
				3E16F23329E249B100B2E5E5 /* FirebaseFirestoreSwift */,
				3EA662FE29E508A00052BED9 /* iPhoneNumberField */,
			);
			productName = Atendee;
			productReference = 3E8746D929DAE7AE00217791 /* Atendee.app */;
			productType = "com.apple.product-type.application";
		};
/* End PBXNativeTarget section */

/* Begin PBXProject section */
		3E8746D129DAE7AE00217791 /* Project object */ = {
			isa = PBXProject;
			attributes = {
				BuildIndependentTargetsInParallel = 1;
				LastSwiftUpdateCheck = 1420;
				LastUpgradeCheck = 1420;
				TargetAttributes = {
					3E8746D829DAE7AE00217791 = {
						CreatedOnToolsVersion = 14.2;
					};
				};
			};
			buildConfigurationList = 3E8746D429DAE7AE00217791 /* Build configuration list for PBXProject "Atendee" */;
			compatibilityVersion = "Xcode 14.0";
			developmentRegion = en;
			hasScannedForEncodings = 0;
			knownRegions = (
				en,
				Base,
			);
			mainGroup = 3E8746D029DAE7AE00217791;
			packageReferences = (
				3E26E02129DBD4AF007F5A7C /* XCRemoteSwiftPackageReference "firebase-ios-sdk" */,
				3E26E02A29DBD750007F5A7C /* XCRemoteSwiftPackageReference "GoogleSignIn-iOS" */,
				3E26E02F29DBD769007F5A7C /* XCRemoteSwiftPackageReference "SDWebImageSwiftUI" */,
				3E26E03229DBD790007F5A7C /* XCRemoteSwiftPackageReference "SwiftfulRouting" */,
				3EA662FD29E508A00052BED9 /* XCRemoteSwiftPackageReference "iPhoneNumberField" */,
			);
			productRefGroup = 3E8746DA29DAE7AE00217791 /* Products */;
			projectDirPath = "";
			projectRoot = "";
			targets = (
				3E8746D829DAE7AE00217791 /* Atendee */,
			);
		};
/* End PBXProject section */

/* Begin PBXResourcesBuildPhase section */
		3E8746D729DAE7AE00217791 /* Resources */ = {
			isa = PBXResourcesBuildPhase;
			buildActionMask = 2147483647;
			files = (
				3E8746E429DAE7AF00217791 /* Preview Assets.xcassets in Resources */,
				3E8746E129DAE7AF00217791 /* Assets.xcassets in Resources */,
				3E26E02029DBD296007F5A7C /* GoogleService-Info.plist in Resources */,
			);
			runOnlyForDeploymentPostprocessing = 0;
		};
/* End PBXResourcesBuildPhase section */

/* Begin PBXSourcesBuildPhase section */
		3E8746D529DAE7AE00217791 /* Sources */ = {
			isa = PBXSourcesBuildPhase;
			buildActionMask = 2147483647;
			files = (
				3E87471129DAF08E00217791 /* FileManager.swift in Sources */,
				3E8746DF29DAE7AE00217791 /* ContentView.swift in Sources */,
				3E8746FB29DAE93700217791 /* UserModel.swift in Sources */,
				3E26E00629DBB490007F5A7C /* HomeView.swift in Sources */,
				3E87470729DAEE4300217791 /* ReUsable_Button.swift in Sources */,
				3E87470F29DAEE6C00217791 /* Sign_inWith_Button.swift in Sources */,
				3E26E00729DBB490007F5A7C /* Admin_Profile_View.swift in Sources */,
				3E26E00429DBB490007F5A7C /* Add_UserView.swift in Sources */,
				3E87470129DAEBEE00217791 /* ImagePicker.swift in Sources */,
				3E87470B29DAEE6000217791 /* ReUsable_Logo.swift in Sources */,
				3E26E00329DBB490007F5A7C /* MainView.swift in Sources */,
				3E87470529DAEC8900217791 /* FirebaseManager.swift in Sources */,
				3E87471A29DAF87E00217791 /* Admin_SignUpView.swift in Sources */,
				3E8746F529DAE8D500217791 /* Authentication_AU.swift in Sources */,
				3EA662FC29E3B1AD0052BED9 /* ReUseable_ValueFeild.swift in Sources */,
				3E8746FD29DAE96000217791 /* AppDelegate.swift in Sources */,
				3E87471B29DAF87E00217791 /* UserLogin_View.swift in Sources */,
				3E87471E29DAF87E00217791 /* UserAdmn_loginOptionsView.swift in Sources */,
				3E87471D29DAF87E00217791 /* OnBoardingView.swift in Sources */,
				3E8746DD29DAE7AE00217791 /* AtendeeApp.swift in Sources */,
				3E8746F929DAE90400217791 /* Data_Model.swift in Sources */,
				3E87470929DAEE5300217791 /* ReUsable_TextFeild.swift in Sources */,
				3EA6630129E50AC80052BED9 /* ReUsable_iPhoneNumberFeild.swift in Sources */,
				3E87471F29DAF87E00217791 /* Admin_LoginView.swift in Sources */,
				3E87470329DAEC7E00217791 /* FirebaseConstants.swift in Sources */,
				3E87470D29DAEE6600217791 /* ReUsable_BackButton.swift in Sources */,
				3E8746FF29DAE97D00217791 /* SceneDelegate.swift in Sources */,
				3E539D9329E6465A000FA796 /* AdminModel.swift in Sources */,
				3E26E00529DBB490007F5A7C /* Chart_View.swift in Sources */,
			);
			runOnlyForDeploymentPostprocessing = 0;
		};
/* End PBXSourcesBuildPhase section */

/* Begin XCBuildConfiguration section */
		3E8746E529DAE7AF00217791 /* Debug */ = {
			isa = XCBuildConfiguration;
			buildSettings = {
				ALWAYS_SEARCH_USER_PATHS = NO;
				CLANG_ANALYZER_NONNULL = YES;
				CLANG_ANALYZER_NUMBER_OBJECT_CONVERSION = YES_AGGRESSIVE;
				CLANG_CXX_LANGUAGE_STANDARD = "gnu++20";
				CLANG_ENABLE_MODULES = YES;
				CLANG_ENABLE_OBJC_ARC = YES;
				CLANG_ENABLE_OBJC_WEAK = YES;
				CLANG_WARN_BLOCK_CAPTURE_AUTORELEASING = YES;
				CLANG_WARN_BOOL_CONVERSION = YES;
				CLANG_WARN_COMMA = YES;
				CLANG_WARN_CONSTANT_CONVERSION = YES;
				CLANG_WARN_DEPRECATED_OBJC_IMPLEMENTATIONS = YES;
				CLANG_WARN_DIRECT_OBJC_ISA_USAGE = YES_ERROR;
				CLANG_WARN_DOCUMENTATION_COMMENTS = YES;
				CLANG_WARN_EMPTY_BODY = YES;
				CLANG_WARN_ENUM_CONVERSION = YES;
				CLANG_WARN_INFINITE_RECURSION = YES;
				CLANG_WARN_INT_CONVERSION = YES;
				CLANG_WARN_NON_LITERAL_NULL_CONVERSION = YES;
				CLANG_WARN_OBJC_IMPLICIT_RETAIN_SELF = YES;
				CLANG_WARN_OBJC_LITERAL_CONVERSION = YES;
				CLANG_WARN_OBJC_ROOT_CLASS = YES_ERROR;
				CLANG_WARN_QUOTED_INCLUDE_IN_FRAMEWORK_HEADER = YES;
				CLANG_WARN_RANGE_LOOP_ANALYSIS = YES;
				CLANG_WARN_STRICT_PROTOTYPES = YES;
				CLANG_WARN_SUSPICIOUS_MOVE = YES;
				CLANG_WARN_UNGUARDED_AVAILABILITY = YES_AGGRESSIVE;
				CLANG_WARN_UNREACHABLE_CODE = YES;
				CLANG_WARN__DUPLICATE_METHOD_MATCH = YES;
				COPY_PHASE_STRIP = NO;
				DEBUG_INFORMATION_FORMAT = dwarf;
				ENABLE_STRICT_OBJC_MSGSEND = YES;
				ENABLE_TESTABILITY = YES;
				GCC_C_LANGUAGE_STANDARD = gnu11;
				GCC_DYNAMIC_NO_PIC = NO;
				GCC_NO_COMMON_BLOCKS = YES;
				GCC_OPTIMIZATION_LEVEL = 0;
				GCC_PREPROCESSOR_DEFINITIONS = (
					"DEBUG=1",
					"$(inherited)",
				);
				GCC_WARN_64_TO_32_BIT_CONVERSION = YES;
				GCC_WARN_ABOUT_RETURN_TYPE = YES_ERROR;
				GCC_WARN_UNDECLARED_SELECTOR = YES;
				GCC_WARN_UNINITIALIZED_AUTOS = YES_AGGRESSIVE;
				GCC_WARN_UNUSED_FUNCTION = YES;
				GCC_WARN_UNUSED_VARIABLE = YES;
				IPHONEOS_DEPLOYMENT_TARGET = 16.2;
				MTL_ENABLE_DEBUG_INFO = INCLUDE_SOURCE;
				MTL_FAST_MATH = YES;
				ONLY_ACTIVE_ARCH = YES;
				SDKROOT = iphoneos;
				SWIFT_ACTIVE_COMPILATION_CONDITIONS = DEBUG;
				SWIFT_OPTIMIZATION_LEVEL = "-Onone";
			};
			name = Debug;
		};
		3E8746E629DAE7AF00217791 /* Release */ = {
			isa = XCBuildConfiguration;
			buildSettings = {
				ALWAYS_SEARCH_USER_PATHS = NO;
				CLANG_ANALYZER_NONNULL = YES;
				CLANG_ANALYZER_NUMBER_OBJECT_CONVERSION = YES_AGGRESSIVE;
				CLANG_CXX_LANGUAGE_STANDARD = "gnu++20";
				CLANG_ENABLE_MODULES = YES;
				CLANG_ENABLE_OBJC_ARC = YES;
				CLANG_ENABLE_OBJC_WEAK = YES;
				CLANG_WARN_BLOCK_CAPTURE_AUTORELEASING = YES;
				CLANG_WARN_BOOL_CONVERSION = YES;
				CLANG_WARN_COMMA = YES;
				CLANG_WARN_CONSTANT_CONVERSION = YES;
				CLANG_WARN_DEPRECATED_OBJC_IMPLEMENTATIONS = YES;
				CLANG_WARN_DIRECT_OBJC_ISA_USAGE = YES_ERROR;
				CLANG_WARN_DOCUMENTATION_COMMENTS = YES;
				CLANG_WARN_EMPTY_BODY = YES;
				CLANG_WARN_ENUM_CONVERSION = YES;
				CLANG_WARN_INFINITE_RECURSION = YES;
				CLANG_WARN_INT_CONVERSION = YES;
				CLANG_WARN_NON_LITERAL_NULL_CONVERSION = YES;
				CLANG_WARN_OBJC_IMPLICIT_RETAIN_SELF = YES;
				CLANG_WARN_OBJC_LITERAL_CONVERSION = YES;
				CLANG_WARN_OBJC_ROOT_CLASS = YES_ERROR;
				CLANG_WARN_QUOTED_INCLUDE_IN_FRAMEWORK_HEADER = YES;
				CLANG_WARN_RANGE_LOOP_ANALYSIS = YES;
				CLANG_WARN_STRICT_PROTOTYPES = YES;
				CLANG_WARN_SUSPICIOUS_MOVE = YES;
				CLANG_WARN_UNGUARDED_AVAILABILITY = YES_AGGRESSIVE;
				CLANG_WARN_UNREACHABLE_CODE = YES;
				CLANG_WARN__DUPLICATE_METHOD_MATCH = YES;
				COPY_PHASE_STRIP = NO;
				DEBUG_INFORMATION_FORMAT = "dwarf-with-dsym";
				ENABLE_NS_ASSERTIONS = NO;
				ENABLE_STRICT_OBJC_MSGSEND = YES;
				GCC_C_LANGUAGE_STANDARD = gnu11;
				GCC_NO_COMMON_BLOCKS = YES;
				GCC_WARN_64_TO_32_BIT_CONVERSION = YES;
				GCC_WARN_ABOUT_RETURN_TYPE = YES_ERROR;
				GCC_WARN_UNDECLARED_SELECTOR = YES;
				GCC_WARN_UNINITIALIZED_AUTOS = YES_AGGRESSIVE;
				GCC_WARN_UNUSED_FUNCTION = YES;
				GCC_WARN_UNUSED_VARIABLE = YES;
				IPHONEOS_DEPLOYMENT_TARGET = 16.2;
				MTL_ENABLE_DEBUG_INFO = NO;
				MTL_FAST_MATH = YES;
				SDKROOT = iphoneos;
				SWIFT_COMPILATION_MODE = wholemodule;
				SWIFT_OPTIMIZATION_LEVEL = "-O";
				VALIDATE_PRODUCT = YES;
			};
			name = Release;
		};
		3E8746E829DAE7AF00217791 /* Debug */ = {
			isa = XCBuildConfiguration;
			buildSettings = {
				ASSETCATALOG_COMPILER_APPICON_NAME = AppIcon;
				ASSETCATALOG_COMPILER_GLOBAL_ACCENT_COLOR_NAME = AccentColor;
				CODE_SIGN_STYLE = Automatic;
				CURRENT_PROJECT_VERSION = 1;
				DEVELOPMENT_ASSET_PATHS = "\"Atendee/Preview Content\"";
				DEVELOPMENT_TEAM = 78B5GQU47L;
				ENABLE_PREVIEWS = YES;
				GENERATE_INFOPLIST_FILE = YES;
				INFOPLIST_FILE = Atendee/Info.plist;
				INFOPLIST_KEY_NSPhotoLibraryAddUsageDescription = "We want to access your photo library";
				INFOPLIST_KEY_NSPhotoLibraryUsageDescription = "We want to access your photo library";
				INFOPLIST_KEY_UIApplicationSupportsIndirectInputEvents = YES;
				INFOPLIST_KEY_UILaunchScreen_Generation = YES;
				INFOPLIST_KEY_UISupportedInterfaceOrientations_iPad = "UIInterfaceOrientationPortrait UIInterfaceOrientationPortraitUpsideDown UIInterfaceOrientationLandscapeLeft UIInterfaceOrientationLandscapeRight";
				INFOPLIST_KEY_UISupportedInterfaceOrientations_iPhone = "UIInterfaceOrientationPortrait UIInterfaceOrientationLandscapeLeft UIInterfaceOrientationLandscapeRight";
				LD_RUNPATH_SEARCH_PATHS = (
					"$(inherited)",
					"@executable_path/Frameworks",
				);
				MARKETING_VERSION = 1.0;
				PRODUCT_BUNDLE_IDENTIFIER = faridJemmy022.Atendee;
				PRODUCT_NAME = "$(TARGET_NAME)";
				SWIFT_EMIT_LOC_STRINGS = YES;
				SWIFT_VERSION = 5.0;
				TARGETED_DEVICE_FAMILY = "1,2";
			};
			name = Debug;
		};
		3E8746E929DAE7AF00217791 /* Release */ = {
			isa = XCBuildConfiguration;
			buildSettings = {
				ASSETCATALOG_COMPILER_APPICON_NAME = AppIcon;
				ASSETCATALOG_COMPILER_GLOBAL_ACCENT_COLOR_NAME = AccentColor;
				CODE_SIGN_STYLE = Automatic;
				CURRENT_PROJECT_VERSION = 1;
				DEVELOPMENT_ASSET_PATHS = "\"Atendee/Preview Content\"";
				DEVELOPMENT_TEAM = 78B5GQU47L;
				ENABLE_PREVIEWS = YES;
				GENERATE_INFOPLIST_FILE = YES;
				INFOPLIST_FILE = Atendee/Info.plist;
				INFOPLIST_KEY_NSPhotoLibraryAddUsageDescription = "We want to access your photo library";
				INFOPLIST_KEY_NSPhotoLibraryUsageDescription = "We want to access your photo library";
				INFOPLIST_KEY_UIApplicationSupportsIndirectInputEvents = YES;
				INFOPLIST_KEY_UILaunchScreen_Generation = YES;
				INFOPLIST_KEY_UISupportedInterfaceOrientations_iPad = "UIInterfaceOrientationPortrait UIInterfaceOrientationPortraitUpsideDown UIInterfaceOrientationLandscapeLeft UIInterfaceOrientationLandscapeRight";
				INFOPLIST_KEY_UISupportedInterfaceOrientations_iPhone = "UIInterfaceOrientationPortrait UIInterfaceOrientationLandscapeLeft UIInterfaceOrientationLandscapeRight";
				LD_RUNPATH_SEARCH_PATHS = (
					"$(inherited)",
					"@executable_path/Frameworks",
				);
				MARKETING_VERSION = 1.0;
				PRODUCT_BUNDLE_IDENTIFIER = faridJemmy022.Atendee;
				PRODUCT_NAME = "$(TARGET_NAME)";
				SWIFT_EMIT_LOC_STRINGS = YES;
				SWIFT_VERSION = 5.0;
				TARGETED_DEVICE_FAMILY = "1,2";
			};
			name = Release;
		};
/* End XCBuildConfiguration section */

/* Begin XCConfigurationList section */
		3E8746D429DAE7AE00217791 /* Build configuration list for PBXProject "Atendee" */ = {
			isa = XCConfigurationList;
			buildConfigurations = (
				3E8746E529DAE7AF00217791 /* Debug */,
				3E8746E629DAE7AF00217791 /* Release */,
			);
			defaultConfigurationIsVisible = 0;
			defaultConfigurationName = Release;
		};
		3E8746E729DAE7AF00217791 /* Build configuration list for PBXNativeTarget "Atendee" */ = {
			isa = XCConfigurationList;
			buildConfigurations = (
				3E8746E829DAE7AF00217791 /* Debug */,
				3E8746E929DAE7AF00217791 /* Release */,
			);
			defaultConfigurationIsVisible = 0;
			defaultConfigurationName = Release;
		};
/* End XCConfigurationList section */

/* Begin XCRemoteSwiftPackageReference section */
		3E26E02129DBD4AF007F5A7C /* XCRemoteSwiftPackageReference "firebase-ios-sdk" */ = {
			isa = XCRemoteSwiftPackageReference;
			repositoryURL = "https://github.com/firebase/firebase-ios-sdk.git";
			requirement = {
				kind = upToNextMajorVersion;
				minimumVersion = 9.0.0;
			};
		};
		3E26E02A29DBD750007F5A7C /* XCRemoteSwiftPackageReference "GoogleSignIn-iOS" */ = {
			isa = XCRemoteSwiftPackageReference;
			repositoryURL = "https://github.com/google/GoogleSignIn-iOS.git";
			requirement = {
				kind = upToNextMajorVersion;
				minimumVersion = 7.0.0;
			};
		};
		3E26E02F29DBD769007F5A7C /* XCRemoteSwiftPackageReference "SDWebImageSwiftUI" */ = {
			isa = XCRemoteSwiftPackageReference;
			repositoryURL = "https://github.com/SDWebImage/SDWebImageSwiftUI";
			requirement = {
				kind = upToNextMajorVersion;
				minimumVersion = 2.0.0;
			};
		};
		3E26E03229DBD790007F5A7C /* XCRemoteSwiftPackageReference "SwiftfulRouting" */ = {
			isa = XCRemoteSwiftPackageReference;
			repositoryURL = "https://github.com/SwiftfulThinking/SwiftfulRouting";
			requirement = {
				kind = upToNextMajorVersion;
				minimumVersion = 3.0.0;
			};
		};
		3EA662FD29E508A00052BED9 /* XCRemoteSwiftPackageReference "iPhoneNumberField" */ = {
			isa = XCRemoteSwiftPackageReference;
			repositoryURL = "https://github.com/MojtabaHs/iPhoneNumberField";
			requirement = {
				kind = upToNextMajorVersion;
				minimumVersion = 0.9.0;
			};
		};
/* End XCRemoteSwiftPackageReference section */

/* Begin XCSwiftPackageProductDependency section */
		3E16F23329E249B100B2E5E5 /* FirebaseFirestoreSwift */ = {
			isa = XCSwiftPackageProductDependency;
			package = 3E26E02129DBD4AF007F5A7C /* XCRemoteSwiftPackageReference "firebase-ios-sdk" */;
			productName = FirebaseFirestoreSwift;
		};
		3E26E02229DBD4AF007F5A7C /* FirebaseAnalyticsWithoutAdIdSupport */ = {
			isa = XCSwiftPackageProductDependency;
			package = 3E26E02129DBD4AF007F5A7C /* XCRemoteSwiftPackageReference "firebase-ios-sdk" */;
			productName = FirebaseAnalyticsWithoutAdIdSupport;
		};
		3E26E02429DBD4AF007F5A7C /* FirebaseAuth */ = {
			isa = XCSwiftPackageProductDependency;
			package = 3E26E02129DBD4AF007F5A7C /* XCRemoteSwiftPackageReference "firebase-ios-sdk" */;
			productName = FirebaseAuth;
		};
		3E26E02629DBD4AF007F5A7C /* FirebaseFirestore */ = {
			isa = XCSwiftPackageProductDependency;
			package = 3E26E02129DBD4AF007F5A7C /* XCRemoteSwiftPackageReference "firebase-ios-sdk" */;
			productName = FirebaseFirestore;
		};
		3E26E02829DBD4AF007F5A7C /* FirebaseStorage */ = {
			isa = XCSwiftPackageProductDependency;
			package = 3E26E02129DBD4AF007F5A7C /* XCRemoteSwiftPackageReference "firebase-ios-sdk" */;
			productName = FirebaseStorage;
		};
		3E26E02B29DBD750007F5A7C /* GoogleSignIn */ = {
			isa = XCSwiftPackageProductDependency;
			package = 3E26E02A29DBD750007F5A7C /* XCRemoteSwiftPackageReference "GoogleSignIn-iOS" */;
			productName = GoogleSignIn;
		};
		3E26E02D29DBD750007F5A7C /* GoogleSignInSwift */ = {
			isa = XCSwiftPackageProductDependency;
			package = 3E26E02A29DBD750007F5A7C /* XCRemoteSwiftPackageReference "GoogleSignIn-iOS" */;
			productName = GoogleSignInSwift;
		};
		3E26E03029DBD769007F5A7C /* SDWebImageSwiftUI */ = {
			isa = XCSwiftPackageProductDependency;
			package = 3E26E02F29DBD769007F5A7C /* XCRemoteSwiftPackageReference "SDWebImageSwiftUI" */;
			productName = SDWebImageSwiftUI;
		};
		3E26E03329DBD790007F5A7C /* SwiftfulRouting */ = {
			isa = XCSwiftPackageProductDependency;
			package = 3E26E03229DBD790007F5A7C /* XCRemoteSwiftPackageReference "SwiftfulRouting" */;
			productName = SwiftfulRouting;
		};
		3EA662FE29E508A00052BED9 /* iPhoneNumberField */ = {
			isa = XCSwiftPackageProductDependency;
			package = 3EA662FD29E508A00052BED9 /* XCRemoteSwiftPackageReference "iPhoneNumberField" */;
			productName = iPhoneNumberField;
		};
/* End XCSwiftPackageProductDependency section */
	};
	rootObject = 3E8746D129DAE7AE00217791 /* Project object */;
}
